
Microsoft Visual Studio Solution File, Format Version 12.00
# Visual Studio Version 16
VisualStudioVersion = 16.0.31729.503
MinimumVisualStudioVersion = 10.0.40219.1
Project("{FAE04EC0-301F-11D3-BF4B-00C04F79EFBC}") = "OopLoggingSystem.Library", "OopLoggingSystem.Library\OopLoggingSystem.Library.csproj", "{1D013489-A12E-4BB8-8BFC-333709198E78}"
EndProject
Project("{FAE04EC0-301F-11D3-BF4B-00C04F79EFBC}") = "OopLoggingSystem.Terminal", "OopLoggingSystem.Terminal\OopLoggingSystem.Terminal.csproj", "{CD1812BF-F15A-4627-81EE-1DEC71201F32}"
EndProject
Global
	GlobalSection(SolutionConfigurationPlatforms) = preSolution
		Debug|Any CPU = Debug|Any CPU
		Release|Any CPU = Release|Any CPU
	EndGlobalSection
	GlobalSection(ProjectConfigurationPlatforms) = postSolution
		{1D013489-A12E-4BB8-8BFC-333709198E78}.Debug|Any CPU.ActiveCfg = Debug|Any CPU
		{1D013489-A12E-4BB8-8BFC-333709198E78}.Debug|Any CPU.Build.0 = Debug|Any CPU
		{1D013489-A12E-4BB8-8BFC-333709198E78}.Release|Any CPU.ActiveCfg = Release|Any CPU
		{1D013489-A12E-4BB8-8BFC-333709198E78}.Release|Any CPU.Build.0 = Release|Any CPU
		{CD1812BF-F15A-4627-81EE-1DEC71201F32}.Debug|Any CPU.ActiveCfg = Debug|Any CPU
		{CD1812BF-F15A-4627-81EE-1DEC71201F32}.Debug|Any CPU.Build.0 = Debug|Any CPU
		{CD1812BF-F15A-4627-81EE-1DEC71201F32}.Release|Any CPU.ActiveCfg = Release|Any CPU
		{CD1812BF-F15A-4627-81EE-1DEC71201F32}.Release|Any CPU.Build.0 = Release|Any CPU
	EndGlobalSection
	GlobalSection(SolutionProperties) = preSolution
		HideSolutionNode = FALSE
	EndGlobalSection
	GlobalSection(ExtensibilityGlobals) = postSolution
		SolutionGuid = {C456B682-3E11-42D5-BA89-0EE3B13C5673}
	EndGlobalSection
EndGlobal
